
Microsoft Visual Studio Solution File, Format Version 12.00
# Visual Studio Version 17
VisualStudioVersion = 17.0.32112.339
MinimumVisualStudioVersion = 10.0.40219.1
Project("{9A19103F-16F7-4668-BE54-9A1E7A4F7556}") = "Sylves", "Sylves\Sylves.csproj", "{44EDB0FB-F68A-4DE1-9BD9-C32549D866F4}"
EndProject
Project("{9A19103F-16F7-4668-BE54-9A1E7A4F7556}") = "Sylves.Test", "Sylves.Test\Sylves.Test.csproj", "{8D831D12-71B6-418A-9979-F24B337B0ABF}"
EndProject
Global
	GlobalSection(SolutionConfigurationPlatforms) = preSolution
		Debug|Any CPU = Debug|Any CPU
		GodotRelease|Any CPU = GodotRelease|Any CPU
		Release|Any CPU = Release|Any CPU
		UnityRelease|Any CPU = UnityRelease|Any CPU
	EndGlobalSection
	GlobalSection(ProjectConfigurationPlatforms) = postSolution
		{44EDB0FB-F68A-4DE1-9BD9-C32549D866F4}.Debug|Any CPU.ActiveCfg = Debug|Any CPU
		{44EDB0FB-F68A-4DE1-9BD9-C32549D866F4}.Debug|Any CPU.Build.0 = Debug|Any CPU
		{44EDB0FB-F68A-4DE1-9BD9-C32549D866F4}.GodotRelease|Any CPU.ActiveCfg = GodotRelease|Any CPU
		{44EDB0FB-F68A-4DE1-9BD9-C32549D866F4}.GodotRelease|Any CPU.Build.0 = GodotRelease|Any CPU
		{44EDB0FB-F68A-4DE1-9BD9-C32549D866F4}.Release|Any CPU.ActiveCfg = Release|Any CPU
		{44EDB0FB-F68A-4DE1-9BD9-C32549D866F4}.Release|Any CPU.Build.0 = Release|Any CPU
		{44EDB0FB-F68A-4DE1-9BD9-C32549D866F4}.UnityRelease|Any CPU.ActiveCfg = UnityRelease|Any CPU
		{44EDB0FB-F68A-4DE1-9BD9-C32549D866F4}.UnityRelease|Any CPU.Build.0 = UnityRelease|Any CPU
		{8D831D12-71B6-418A-9979-F24B337B0ABF}.Debug|Any CPU.ActiveCfg = Debug|Any CPU
		{8D831D12-71B6-418A-9979-F24B337B0ABF}.Debug|Any CPU.Build.0 = Debug|Any CPU
		{8D831D12-71B6-418A-9979-F24B337B0ABF}.GodotRelease|Any CPU.ActiveCfg = Release|Any CPU
		{8D831D12-71B6-418A-9979-F24B337B0ABF}.GodotRelease|Any CPU.Build.0 = Release|Any CPU
		{8D831D12-71B6-418A-9979-F24B337B0ABF}.Release|Any CPU.ActiveCfg = Release|Any CPU
		{8D831D12-71B6-418A-9979-F24B337B0ABF}.Release|Any CPU.Build.0 = Release|Any CPU
		{8D831D12-71B6-418A-9979-F24B337B0ABF}.UnityRelease|Any CPU.ActiveCfg = UnityRelease|Any CPU
	EndGlobalSection
	GlobalSection(SolutionProperties) = preSolution
		HideSolutionNode = FALSE
	EndGlobalSection
	GlobalSection(ExtensibilityGlobals) = postSolution
		SolutionGuid = {13984F30-8544-471C-8B3F-01F59B4BB9EE}
	EndGlobalSection
EndGlobal
